
Microsoft Visual Studio Solution File, Format Version 12.00
# Visual Studio Version 17
VisualStudioVersion = 17.11.35222.181
MinimumVisualStudioVersion = 10.0.40219.1
Project("{FAE04EC0-301F-11D3-BF4B-00C04F79EFBC}") = "WebApplication2022_Net8_MinimalAPI", "WebApplication2022_Net8_MinimalAPI.csproj", "{682A875D-F1F0-4615-9969-472758A9B183}"
EndProject
Global
	GlobalSection(SolutionConfigurationPlatforms) = preSolution
		Debug|Any CPU = Debug|Any CPU
		Release|Any CPU = Release|Any CPU
	EndGlobalSection
	GlobalSection(ProjectConfigurationPlatforms) = postSolution
		{682A875D-F1F0-4615-9969-472758A9B183}.Debug|Any CPU.ActiveCfg = Debug|Any CPU
		{682A875D-F1F0-4615-9969-472758A9B183}.Debug|Any CPU.Build.0 = Debug|Any CPU
		{682A875D-F1F0-4615-9969-472758A9B183}.Release|Any CPU.ActiveCfg = Release|Any CPU
		{682A875D-F1F0-4615-9969-472758A9B183}.Release|Any CPU.Build.0 = Release|Any CPU
	EndGlobalSection
	GlobalSection(SolutionProperties) = preSolution
		HideSolutionNode = FALSE
	EndGlobalSection
	GlobalSection(ExtensibilityGlobals) = postSolution
		SolutionGuid = {E45A1940-5B9C-4C64-9870-55892D0DAFE5}
	EndGlobalSection
EndGlobal
